
Microsoft Visual Studio Solution File, Format Version 12.00
# Visual Studio Version 16
VisualStudioVersion = 16.0.30114.105
MinimumVisualStudioVersion = 10.0.40219.1
Project("{2150E333-8FDC-42A3-9474-1A3956D46DE8}") = "src", "src", "{04D8D882-F3BB-4BDB-B322-A18522BF5110}"
EndProject
Project("{FAE04EC0-301F-11D3-BF4B-00C04F79EFBC}") = "Processing.Configuration.Api", "src\Processing.Configuration.Api\Processing.Configuration.Api.csproj", "{46F416D4-A62F-4274-8126-37FE6FAF6C00}"
EndProject
Project("{FAE04EC0-301F-11D3-BF4B-00C04F79EFBC}") = "Processing.Configuration.Infra", "src\Processing.Configuration.Infra\Processing.Configuration.Infra.csproj", "{FD84EC05-9AEE-4E86-A7E3-588433F20974}"
EndProject
Project("{FAE04EC0-301F-11D3-BF4B-00C04F79EFBC}") = "Processing.Configuration", "src\Processing.Configuration\Processing.Configuration.csproj", "{E566D79D-D58B-4504-B04C-71F051A6897C}"
EndProject
Project("{2150E333-8FDC-42A3-9474-1A3956D46DE8}") = "test", "test", "{865A2ACE-91EE-4D9F-9517-EE3FA5FF3D27}"
EndProject
Project("{FAE04EC0-301F-11D3-BF4B-00C04F79EFBC}") = "Processing.Configuration.Api.Tests", "test\Processing.Configuration.Api.Tests\Processing.Configuration.Api.Tests.csproj", "{0B962903-4BE9-4A16-8CF2-5B2C98D52313}"
EndProject
Project("{FAE04EC0-301F-11D3-BF4B-00C04F79EFBC}") = "Processing.Configuration.Infra.Tests", "test\Processing.Configuration.Infra.Tests\Processing.Configuration.Infra.Tests.csproj", "{0486AC72-62BC-4DE6-AE39-CA4849BE5794}"
EndProject
Project("{FAE04EC0-301F-11D3-BF4B-00C04F79EFBC}") = "Processing.Configuration.Tests", "test\Processing.Configuration.Tests\Processing.Configuration.Tests.csproj", "{365198AD-82EC-4888-A38E-E23FF8CCFAF7}"
EndProject
Global
	GlobalSection(SolutionConfigurationPlatforms) = preSolution
		Debug|Any CPU = Debug|Any CPU
		Release|Any CPU = Release|Any CPU
	EndGlobalSection
	GlobalSection(SolutionProperties) = preSolution
		HideSolutionNode = FALSE
	EndGlobalSection
	GlobalSection(ProjectConfigurationPlatforms) = postSolution
		{46F416D4-A62F-4274-8126-37FE6FAF6C00}.Debug|Any CPU.ActiveCfg = Debug|Any CPU
		{46F416D4-A62F-4274-8126-37FE6FAF6C00}.Debug|Any CPU.Build.0 = Debug|Any CPU
		{46F416D4-A62F-4274-8126-37FE6FAF6C00}.Release|Any CPU.ActiveCfg = Release|Any CPU
		{46F416D4-A62F-4274-8126-37FE6FAF6C00}.Release|Any CPU.Build.0 = Release|Any CPU
		{FD84EC05-9AEE-4E86-A7E3-588433F20974}.Debug|Any CPU.ActiveCfg = Debug|Any CPU
		{FD84EC05-9AEE-4E86-A7E3-588433F20974}.Debug|Any CPU.Build.0 = Debug|Any CPU
		{FD84EC05-9AEE-4E86-A7E3-588433F20974}.Release|Any CPU.ActiveCfg = Release|Any CPU
		{FD84EC05-9AEE-4E86-A7E3-588433F20974}.Release|Any CPU.Build.0 = Release|Any CPU
		{E566D79D-D58B-4504-B04C-71F051A6897C}.Debug|Any CPU.ActiveCfg = Debug|Any CPU
		{E566D79D-D58B-4504-B04C-71F051A6897C}.Debug|Any CPU.Build.0 = Debug|Any CPU
		{E566D79D-D58B-4504-B04C-71F051A6897C}.Release|Any CPU.ActiveCfg = Release|Any CPU
		{E566D79D-D58B-4504-B04C-71F051A6897C}.Release|Any CPU.Build.0 = Release|Any CPU
		{0B962903-4BE9-4A16-8CF2-5B2C98D52313}.Debug|Any CPU.ActiveCfg = Debug|Any CPU
		{0B962903-4BE9-4A16-8CF2-5B2C98D52313}.Debug|Any CPU.Build.0 = Debug|Any CPU
		{0B962903-4BE9-4A16-8CF2-5B2C98D52313}.Release|Any CPU.ActiveCfg = Release|Any CPU
		{0B962903-4BE9-4A16-8CF2-5B2C98D52313}.Release|Any CPU.Build.0 = Release|Any CPU
		{0486AC72-62BC-4DE6-AE39-CA4849BE5794}.Debug|Any CPU.ActiveCfg = Debug|Any CPU
		{0486AC72-62BC-4DE6-AE39-CA4849BE5794}.Debug|Any CPU.Build.0 = Debug|Any CPU
		{0486AC72-62BC-4DE6-AE39-CA4849BE5794}.Release|Any CPU.ActiveCfg = Release|Any CPU
		{0486AC72-62BC-4DE6-AE39-CA4849BE5794}.Release|Any CPU.Build.0 = Release|Any CPU
		{365198AD-82EC-4888-A38E-E23FF8CCFAF7}.Debug|Any CPU.ActiveCfg = Debug|Any CPU
		{365198AD-82EC-4888-A38E-E23FF8CCFAF7}.Debug|Any CPU.Build.0 = Debug|Any CPU
		{365198AD-82EC-4888-A38E-E23FF8CCFAF7}.Release|Any CPU.ActiveCfg = Release|Any CPU
		{365198AD-82EC-4888-A38E-E23FF8CCFAF7}.Release|Any CPU.Build.0 = Release|Any CPU
	EndGlobalSection
	GlobalSection(NestedProjects) = preSolution
		{46F416D4-A62F-4274-8126-37FE6FAF6C00} = {04D8D882-F3BB-4BDB-B322-A18522BF5110}
		{FD84EC05-9AEE-4E86-A7E3-588433F20974} = {04D8D882-F3BB-4BDB-B322-A18522BF5110}
		{E566D79D-D58B-4504-B04C-71F051A6897C} = {04D8D882-F3BB-4BDB-B322-A18522BF5110}
		{0B962903-4BE9-4A16-8CF2-5B2C98D52313} = {865A2ACE-91EE-4D9F-9517-EE3FA5FF3D27}
		{0486AC72-62BC-4DE6-AE39-CA4849BE5794} = {865A2ACE-91EE-4D9F-9517-EE3FA5FF3D27}
		{365198AD-82EC-4888-A38E-E23FF8CCFAF7} = {865A2ACE-91EE-4D9F-9517-EE3FA5FF3D27}
	EndGlobalSection
EndGlobal
